
Microsoft Visual Studio Solution File, Format Version 12.00
# Visual Studio Version 16
VisualStudioVersion = 16.0.29806.167
MinimumVisualStudioVersion = 10.0.40219.1
Project("{9A19103F-16F7-4668-BE54-9A1E7A4F7556}") = "SocketPractice", "SocketPractice\SocketPractice.csproj", "{E74000BB-853A-4F52-944D-4A4584CAAD1F}"
EndProject
Project("{FAE04EC0-301F-11D3-BF4B-00C04F79EFBC}") = "TestExternalCommands", "TestExternalCommands\TestExternalCommands.csproj", "{499F85AD-26F2-4899-8F7B-629B171A7FC4}"
EndProject
Global
	GlobalSection(SolutionConfigurationPlatforms) = preSolution
		Debug|Any CPU = Debug|Any CPU
		Release|Any CPU = Release|Any CPU
	EndGlobalSection
	GlobalSection(ProjectConfigurationPlatforms) = postSolution
		{E74000BB-853A-4F52-944D-4A4584CAAD1F}.Debug|Any CPU.ActiveCfg = Debug|Any CPU
		{E74000BB-853A-4F52-944D-4A4584CAAD1F}.Debug|Any CPU.Build.0 = Debug|Any CPU
		{E74000BB-853A-4F52-944D-4A4584CAAD1F}.Release|Any CPU.ActiveCfg = Release|Any CPU
		{E74000BB-853A-4F52-944D-4A4584CAAD1F}.Release|Any CPU.Build.0 = Release|Any CPU
		{499F85AD-26F2-4899-8F7B-629B171A7FC4}.Debug|Any CPU.ActiveCfg = Debug|Any CPU
		{499F85AD-26F2-4899-8F7B-629B171A7FC4}.Debug|Any CPU.Build.0 = Debug|Any CPU
		{499F85AD-26F2-4899-8F7B-629B171A7FC4}.Release|Any CPU.ActiveCfg = Release|Any CPU
		{499F85AD-26F2-4899-8F7B-629B171A7FC4}.Release|Any CPU.Build.0 = Release|Any CPU
	EndGlobalSection
	GlobalSection(SolutionProperties) = preSolution
		HideSolutionNode = FALSE
	EndGlobalSection
	GlobalSection(ExtensibilityGlobals) = postSolution
		SolutionGuid = {ACEAE8FD-89F2-4DA3-9FF2-8EF6598B6981}
	EndGlobalSection
EndGlobal
