
Microsoft Visual Studio Solution File, Format Version 12.00
# Visual Studio 15
VisualStudioVersion = 15.0.28307.1022
MinimumVisualStudioVersion = 10.0.40219.1
Project("{FAE04EC0-301F-11D3-BF4B-00C04F79EFBC}") = "SocketPractice", "SocketPractice\SocketPractice.csproj", "{E74000BB-853A-4F52-944D-4A4584CAAD1F}"
EndProject
Global
	GlobalSection(SolutionConfigurationPlatforms) = preSolution
		Debug|Any CPU = Debug|Any CPU
		Release|Any CPU = Release|Any CPU
	EndGlobalSection
	GlobalSection(ProjectConfigurationPlatforms) = postSolution
		{E74000BB-853A-4F52-944D-4A4584CAAD1F}.Debug|Any CPU.ActiveCfg = Debug|Any CPU
		{E74000BB-853A-4F52-944D-4A4584CAAD1F}.Debug|Any CPU.Build.0 = Debug|Any CPU
		{E74000BB-853A-4F52-944D-4A4584CAAD1F}.Release|Any CPU.ActiveCfg = Release|Any CPU
		{E74000BB-853A-4F52-944D-4A4584CAAD1F}.Release|Any CPU.Build.0 = Release|Any CPU
	EndGlobalSection
	GlobalSection(SolutionProperties) = preSolution
		HideSolutionNode = FALSE
	EndGlobalSection
	GlobalSection(ExtensibilityGlobals) = postSolution
		SolutionGuid = {ACEAE8FD-89F2-4DA3-9FF2-8EF6598B6981}
	EndGlobalSection
EndGlobal
